{
  "name": "plugins",
  "version": "1.0.0",
  "lockfileVersion": 3,
  "requires": true,
  "packages": {
    "": {
      "name": "plugins",
      "version": "1.0.0",
      "license": "ISC",
      "dependencies": {
        "@dietrichgebert/ponytail": "^4.8.3"
      }
    },
    "node_modules/@dietrichgebert/ponytail": {
      "version": "4.8.3",
      "resolved": "https://registry.npmjs.org/@dietrichgebert/ponytail/-/ponytail-4.8.3.tgz",
      "integrity": "sha512-UDhTgDqFhB2sIhohom9BwB65jgPY0effo6QXDfch9KET1KEAz5FJF6BU04Zie91rJWAH6BWUWRfjvycgRGf9Pg==",
      "license": "MIT"
    }
  }
}
